
Microsoft Visual Studio Solution File, Format Version 12.00
# Visual Studio Version 17
VisualStudioVersion = 17.7.34202.233
MinimumVisualStudioVersion = 10.0.40219.1
Project("{FAE04EC0-301F-11D3-BF4B-00C04F79EFBC}") = "NewDav", "NewDav\NewDav.csproj", "{4DDD1DEA-7B57-4999-8D1F-614F8C42A862}"
EndProject
Global
	GlobalSection(SolutionConfigurationPlatforms) = preSolution
		Debug|Any CPU = Debug|Any CPU
		Release|Any CPU = Release|Any CPU
	EndGlobalSection
	GlobalSection(ProjectConfigurationPlatforms) = postSolution
		{4DDD1DEA-7B57-4999-8D1F-614F8C42A862}.Debug|Any CPU.ActiveCfg = Debug|Any CPU
		{4DDD1DEA-7B57-4999-8D1F-614F8C42A862}.Debug|Any CPU.Build.0 = Debug|Any CPU
		{4DDD1DEA-7B57-4999-8D1F-614F8C42A862}.Release|Any CPU.ActiveCfg = Release|Any CPU
		{4DDD1DEA-7B57-4999-8D1F-614F8C42A862}.Release|Any CPU.Build.0 = Release|Any CPU
	EndGlobalSection
	GlobalSection(SolutionProperties) = preSolution
		HideSolutionNode = FALSE
	EndGlobalSection
	GlobalSection(ExtensibilityGlobals) = postSolution
		SolutionGuid = {8B468ABA-0C02-4393-B987-BE809EC99EB1}
	EndGlobalSection
EndGlobal
